
Microsoft Visual Studio Solution File, Format Version 12.00
# Visual Studio Version 16
VisualStudioVersion = 16.0.29609.76
MinimumVisualStudioVersion = 10.0.40219.1
Project("{8BC9CEB8-8B4A-11D0-8D11-00A0C91BC942}") = "A2 Third Question", "A2 Third Question.vcxproj", "{D337CA09-081E-45A5-AFDB-8D02E98CC66B}"
EndProject
Global
	GlobalSection(SolutionConfigurationPlatforms) = preSolution
		Debug|x64 = Debug|x64
		Debug|x86 = Debug|x86
		Release|x64 = Release|x64
		Release|x86 = Release|x86
	EndGlobalSection
	GlobalSection(ProjectConfigurationPlatforms) = postSolution
		{D337CA09-081E-45A5-AFDB-8D02E98CC66B}.Debug|x64.ActiveCfg = Debug|x64
		{D337CA09-081E-45A5-AFDB-8D02E98CC66B}.Debug|x64.Build.0 = Debug|x64
		{D337CA09-081E-45A5-AFDB-8D02E98CC66B}.Debug|x86.ActiveCfg = Debug|Win32
		{D337CA09-081E-45A5-AFDB-8D02E98CC66B}.Debug|x86.Build.0 = Debug|Win32
		{D337CA09-081E-45A5-AFDB-8D02E98CC66B}.Release|x64.ActiveCfg = Release|x64
		{D337CA09-081E-45A5-AFDB-8D02E98CC66B}.Release|x64.Build.0 = Release|x64
		{D337CA09-081E-45A5-AFDB-8D02E98CC66B}.Release|x86.ActiveCfg = Release|Win32
		{D337CA09-081E-45A5-AFDB-8D02E98CC66B}.Release|x86.Build.0 = Release|Win32
	EndGlobalSection
	GlobalSection(SolutionProperties) = preSolution
		HideSolutionNode = FALSE
	EndGlobalSection
	GlobalSection(ExtensibilityGlobals) = postSolution
		SolutionGuid = {06E26ED0-57A3-424E-9FD6-144CEB0466B9}
	EndGlobalSection
EndGlobal
