
Microsoft Visual Studio Solution File, Format Version 12.00
# Visual Studio Version 16
VisualStudioVersion = 16.0.29728.190
MinimumVisualStudioVersion = 10.0.40219.1
Project("{8BC9CEB8-8B4A-11D0-8D11-00A0C91BC942}") = "Arduino File Transfers", "Arduino File Transfers.vcxproj", "{162BE740-2D5D-484A-8092-951BBE07F3A8}"
EndProject
Global
	GlobalSection(SolutionConfigurationPlatforms) = preSolution
		Debug|x64 = Debug|x64
		Debug|x86 = Debug|x86
		Release|x64 = Release|x64
		Release|x86 = Release|x86
	EndGlobalSection
	GlobalSection(ProjectConfigurationPlatforms) = postSolution
		{162BE740-2D5D-484A-8092-951BBE07F3A8}.Debug|x64.ActiveCfg = Debug|x64
		{162BE740-2D5D-484A-8092-951BBE07F3A8}.Debug|x64.Build.0 = Debug|x64
		{162BE740-2D5D-484A-8092-951BBE07F3A8}.Debug|x86.ActiveCfg = Debug|Win32
		{162BE740-2D5D-484A-8092-951BBE07F3A8}.Debug|x86.Build.0 = Debug|Win32
		{162BE740-2D5D-484A-8092-951BBE07F3A8}.Release|x64.ActiveCfg = Release|x64
		{162BE740-2D5D-484A-8092-951BBE07F3A8}.Release|x64.Build.0 = Release|x64
		{162BE740-2D5D-484A-8092-951BBE07F3A8}.Release|x86.ActiveCfg = Release|Win32
		{162BE740-2D5D-484A-8092-951BBE07F3A8}.Release|x86.Build.0 = Release|Win32
	EndGlobalSection
	GlobalSection(SolutionProperties) = preSolution
		HideSolutionNode = FALSE
	EndGlobalSection
	GlobalSection(ExtensibilityGlobals) = postSolution
		SolutionGuid = {1912E71D-A598-40CE-BCCD-A8F2015A0B1B}
	EndGlobalSection
EndGlobal
